// !$*UTF8*$!
{
	archiveVersion = 1;
	classes = {
	};
	objectVersion = 50;
	objects = {

/* Begin PBXBuildFile section */
		DB463C172250FA5300D8EFBC /* main.swift in Sources */ = {isa = PBXBuildFile; fileRef = DB463C162250FA5300D8EFBC /* main.swift */; };
		DB463C1F2250FA9700D8EFBC /* PBXFileReference.swift in Sources */ = {isa = PBXBuildFile; fileRef = DB463C1D2250FA9700D8EFBC /* PBXFileReference.swift */; };
		DB463C202250FA9700D8EFBC /* ProjectObject.swift in Sources */ = {isa = PBXBuildFile; fileRef = DB463C1E2250FA9700D8EFBC /* ProjectObject.swift */; };
		DB463C222250FB8700D8EFBC /* Project.swift in Sources */ = {isa = PBXBuildFile; fileRef = DB463C212250FB8700D8EFBC /* Project.swift */; };
		DB463C242250FC4600D8EFBC /* ProjectFileDictionary.swift in Sources */ = {isa = PBXBuildFile; fileRef = DB463C232250FC4600D8EFBC /* ProjectFileDictionary.swift */; };
		DB463C2622510B6900D8EFBC /* PBXGroup.swift in Sources */ = {isa = PBXBuildFile; fileRef = DB463C2522510B6900D8EFBC /* PBXGroup.swift */; };
		DB463C2822510CB000D8EFBC /* ProjectFileArray.swift in Sources */ = {isa = PBXBuildFile; fileRef = DB463C2722510CB000D8EFBC /* ProjectFileArray.swift */; };
		DB463C2C2251467300D8EFBC /* PBXBuildFile.swift in Sources */ = {isa = PBXBuildFile; fileRef = DB463C2B2251467300D8EFBC /* PBXBuildFile.swift */; };
		DB463C2E2251478B00D8EFBC /* PBXProject.swift in Sources */ = {isa = PBXBuildFile; fileRef = DB463C2D2251478B00D8EFBC /* PBXProject.swift */; };
		DB463C3022514A5000D8EFBC /* PBXTargetDependency.swift in Sources */ = {isa = PBXBuildFile; fileRef = DB463C2F22514A5000D8EFBC /* PBXTargetDependency.swift */; };
		DB463C3222514AF100D8EFBC /* XCBuildConfiguration.swift in Sources */ = {isa = PBXBuildFile; fileRef = DB463C3122514AF100D8EFBC /* XCBuildConfiguration.swift */; };
		DB463C3422514B7300D8EFBC /* XCConfigurationList.swift in Sources */ = {isa = PBXBuildFile; fileRef = DB463C3322514B7300D8EFBC /* XCConfigurationList.swift */; };
		DB463C3622514D3F00D8EFBC /* PBXFrameworksBuildPhase.swift in Sources */ = {isa = PBXBuildFile; fileRef = DB463C3522514D3F00D8EFBC /* PBXFrameworksBuildPhase.swift */; };
		DB463C3822514E3F00D8EFBC /* PBXShellScriptBuildPhase.swift in Sources */ = {isa = PBXBuildFile; fileRef = DB463C3722514E3F00D8EFBC /* PBXShellScriptBuildPhase.swift */; };
		DB463C3A22514F1E00D8EFBC /* PBXCopyFilesBuildPhase.swift in Sources */ = {isa = PBXBuildFile; fileRef = DB463C3922514F1E00D8EFBC /* PBXCopyFilesBuildPhase.swift */; };
		DB463C3C22514FA900D8EFBC /* PBXSourcesBuildPhase.swift in Sources */ = {isa = PBXBuildFile; fileRef = DB463C3B22514FA900D8EFBC /* PBXSourcesBuildPhase.swift */; };
		DB463C3E225152E200D8EFBC /* PBXNativeTarget.swift in Sources */ = {isa = PBXBuildFile; fileRef = DB463C3D225152E200D8EFBC /* PBXNativeTarget.swift */; };
/* End PBXBuildFile section */

/* Begin PBXCopyFilesBuildPhase section */
		DB463C112250FA5300D8EFBC /* CopyFiles */ = {
			isa = PBXCopyFilesBuildPhase;
			buildActionMask = 2147483647;
			dstPath = /usr/share/man/man1/;
			dstSubfolderSpec = 0;
			files = (
			);
			runOnlyForDeploymentPostprocessing = 1;
		};
/* End PBXCopyFilesBuildPhase section */

/* Begin PBXFileReference section */
		DB463C132250FA5300D8EFBC /* projwalker */ = {isa = PBXFileReference; explicitFileType = "compiled.mach-o.executable"; includeInIndex = 0; path = projwalker; sourceTree = BUILT_PRODUCTS_DIR; };
		DB463C162250FA5300D8EFBC /* main.swift */ = {isa = PBXFileReference; lastKnownFileType = sourcecode.swift; path = main.swift; sourceTree = "<group>"; };
		DB463C1D2250FA9700D8EFBC /* PBXFileReference.swift */ = {isa = PBXFileReference; fileEncoding = 4; lastKnownFileType = sourcecode.swift; path = PBXFileReference.swift; sourceTree = "<group>"; };
		DB463C1E2250FA9700D8EFBC /* ProjectObject.swift */ = {isa = PBXFileReference; fileEncoding = 4; lastKnownFileType = sourcecode.swift; path = ProjectObject.swift; sourceTree = "<group>"; };
		DB463C212250FB8700D8EFBC /* Project.swift */ = {isa = PBXFileReference; lastKnownFileType = sourcecode.swift; path = Project.swift; sourceTree = "<group>"; };
		DB463C232250FC4600D8EFBC /* ProjectFileDictionary.swift */ = {isa = PBXFileReference; lastKnownFileType = sourcecode.swift; path = ProjectFileDictionary.swift; sourceTree = "<group>"; };
		DB463C2522510B6900D8EFBC /* PBXGroup.swift */ = {isa = PBXFileReference; lastKnownFileType = sourcecode.swift; path = PBXGroup.swift; sourceTree = "<group>"; };
		DB463C2722510CB000D8EFBC /* ProjectFileArray.swift */ = {isa = PBXFileReference; fileEncoding = 4; lastKnownFileType = sourcecode.swift; path = ProjectFileArray.swift; sourceTree = "<group>"; };
		DB463C2B2251467300D8EFBC /* PBXBuildFile.swift */ = {isa = PBXFileReference; lastKnownFileType = sourcecode.swift; path = PBXBuildFile.swift; sourceTree = "<group>"; };
		DB463C2D2251478B00D8EFBC /* PBXProject.swift */ = {isa = PBXFileReference; lastKnownFileType = sourcecode.swift; path = PBXProject.swift; sourceTree = "<group>"; };
		DB463C2F22514A5000D8EFBC /* PBXTargetDependency.swift */ = {isa = PBXFileReference; lastKnownFileType = sourcecode.swift; path = PBXTargetDependency.swift; sourceTree = "<group>"; };
		DB463C3122514AF100D8EFBC /* XCBuildConfiguration.swift */ = {isa = PBXFileReference; lastKnownFileType = sourcecode.swift; path = XCBuildConfiguration.swift; sourceTree = "<group>"; };
		DB463C3322514B7300D8EFBC /* XCConfigurationList.swift */ = {isa = PBXFileReference; lastKnownFileType = sourcecode.swift; path = XCConfigurationList.swift; sourceTree = "<group>"; };
		DB463C3522514D3F00D8EFBC /* PBXFrameworksBuildPhase.swift */ = {isa = PBXFileReference; lastKnownFileType = sourcecode.swift; path = PBXFrameworksBuildPhase.swift; sourceTree = "<group>"; };
		DB463C3722514E3F00D8EFBC /* PBXShellScriptBuildPhase.swift */ = {isa = PBXFileReference; lastKnownFileType = sourcecode.swift; path = PBXShellScriptBuildPhase.swift; sourceTree = "<group>"; };
		DB463C3922514F1E00D8EFBC /* PBXCopyFilesBuildPhase.swift */ = {isa = PBXFileReference; lastKnownFileType = sourcecode.swift; path = PBXCopyFilesBuildPhase.swift; sourceTree = "<group>"; };
		DB463C3B22514FA900D8EFBC /* PBXSourcesBuildPhase.swift */ = {isa = PBXFileReference; lastKnownFileType = sourcecode.swift; path = PBXSourcesBuildPhase.swift; sourceTree = "<group>"; };
		DB463C3D225152E200D8EFBC /* PBXNativeTarget.swift */ = {isa = PBXFileReference; lastKnownFileType = sourcecode.swift; path = PBXNativeTarget.swift; sourceTree = "<group>"; };
/* End PBXFileReference section */

/* Begin PBXFrameworksBuildPhase section */
		DB463C102250FA5300D8EFBC /* Frameworks */ = {
			isa = PBXFrameworksBuildPhase;
			buildActionMask = 2147483647;
			files = (
			);
			runOnlyForDeploymentPostprocessing = 0;
		};
/* End PBXFrameworksBuildPhase section */

/* Begin PBXGroup section */
		DB463C0A2250FA5300D8EFBC = {
			isa = PBXGroup;
			children = (
				DB463C152250FA5300D8EFBC /* projwalker */,
				DB463C142250FA5300D8EFBC /* Products */,
			);
			sourceTree = "<group>";
		};
		DB463C142250FA5300D8EFBC /* Products */ = {
			isa = PBXGroup;
			children = (
				DB463C132250FA5300D8EFBC /* projwalker */,
			);
			name = Products;
			sourceTree = "<group>";
		};
		DB463C152250FA5300D8EFBC /* projwalker */ = {
			isa = PBXGroup;
			children = (
				DB463C162250FA5300D8EFBC /* main.swift */,
				DB463C2B2251467300D8EFBC /* PBXBuildFile.swift */,
				DB463C3922514F1E00D8EFBC /* PBXCopyFilesBuildPhase.swift */,
				DB463C1D2250FA9700D8EFBC /* PBXFileReference.swift */,
				DB463C3522514D3F00D8EFBC /* PBXFrameworksBuildPhase.swift */,
				DB463C2522510B6900D8EFBC /* PBXGroup.swift */,
				DB463C3D225152E200D8EFBC /* PBXNativeTarget.swift */,
				DB463C2D2251478B00D8EFBC /* PBXProject.swift */,
				DB463C3722514E3F00D8EFBC /* PBXShellScriptBuildPhase.swift */,
				DB463C3B22514FA900D8EFBC /* PBXSourcesBuildPhase.swift */,
				DB463C2F22514A5000D8EFBC /* PBXTargetDependency.swift */,
				DB463C212250FB8700D8EFBC /* Project.swift */,
				DB463C2722510CB000D8EFBC /* ProjectFileArray.swift */,
				DB463C232250FC4600D8EFBC /* ProjectFileDictionary.swift */,
				DB463C1E2250FA9700D8EFBC /* ProjectObject.swift */,
				DB463C3122514AF100D8EFBC /* XCBuildConfiguration.swift */,
				DB463C3322514B7300D8EFBC /* XCConfigurationList.swift */,
			);
			path = projwalker;
			sourceTree = "<group>";
		};
/* End PBXGroup section */

/* Begin PBXNativeTarget section */
		DB463C122250FA5300D8EFBC /* projwalker */ = {
			isa = PBXNativeTarget;
			buildConfigurationList = DB463C1A2250FA5300D8EFBC /* Build configuration list for PBXNativeTarget "projwalker" */;
			buildPhases = (
				DB463C0F2250FA5300D8EFBC /* Sources */,
				DB463C102250FA5300D8EFBC /* Frameworks */,
				DB463C112250FA5300D8EFBC /* CopyFiles */,
			);
			buildRules = (
			);
			dependencies = (
			);
			name = projwalker;
			productName = projwalker;
			productReference = DB463C132250FA5300D8EFBC /* projwalker */;
			productType = "com.apple.product-type.tool";
		};
/* End PBXNativeTarget section */

/* Begin PBXProject section */
		DB463C0B2250FA5300D8EFBC /* Project object */ = {
			isa = PBXProject;
			attributes = {
				LastSwiftUpdateCheck = 1020;
				LastUpgradeCheck = 1020;
				ORGANIZATIONNAME = droolingcat.com;
				TargetAttributes = {
					DB463C122250FA5300D8EFBC = {
						CreatedOnToolsVersion = 10.2;
					};
				};
			};
			buildConfigurationList = DB463C0E2250FA5300D8EFBC /* Build configuration list for PBXProject "projwalker" */;
			compatibilityVersion = "Xcode 9.3";
			developmentRegion = en;
			hasScannedForEncodings = 0;
			knownRegions = (
				en,
			);
			mainGroup = DB463C0A2250FA5300D8EFBC;
			productRefGroup = DB463C142250FA5300D8EFBC /* Products */;
			projectDirPath = "";
			projectRoot = "";
			targets = (
				DB463C122250FA5300D8EFBC /* projwalker */,
			);
		};
/* End PBXProject section */

/* Begin PBXSourcesBuildPhase section */
		DB463C0F2250FA5300D8EFBC /* Sources */ = {
			isa = PBXSourcesBuildPhase;
			buildActionMask = 2147483647;
			files = (
				DB463C3022514A5000D8EFBC /* PBXTargetDependency.swift in Sources */,
				DB463C1F2250FA9700D8EFBC /* PBXFileReference.swift in Sources */,
				DB463C202250FA9700D8EFBC /* ProjectObject.swift in Sources */,
				DB463C2622510B6900D8EFBC /* PBXGroup.swift in Sources */,
				DB463C3E225152E200D8EFBC /* PBXNativeTarget.swift in Sources */,
				DB463C3C22514FA900D8EFBC /* PBXSourcesBuildPhase.swift in Sources */,
				DB463C2822510CB000D8EFBC /* ProjectFileArray.swift in Sources */,
				DB463C3822514E3F00D8EFBC /* PBXShellScriptBuildPhase.swift in Sources */,
				DB463C3222514AF100D8EFBC /* XCBuildConfiguration.swift in Sources */,
				DB463C172250FA5300D8EFBC /* main.swift in Sources */,
				DB463C242250FC4600D8EFBC /* ProjectFileDictionary.swift in Sources */,
				DB463C3A22514F1E00D8EFBC /* PBXCopyFilesBuildPhase.swift in Sources */,
				DB463C2E2251478B00D8EFBC /* PBXProject.swift in Sources */,
				DB463C222250FB8700D8EFBC /* Project.swift in Sources */,
				DB463C2C2251467300D8EFBC /* PBXBuildFile.swift in Sources */,
				DB463C3422514B7300D8EFBC /* XCConfigurationList.swift in Sources */,
				DB463C3622514D3F00D8EFBC /* PBXFrameworksBuildPhase.swift in Sources */,
			);
			runOnlyForDeploymentPostprocessing = 0;
		};
/* End PBXSourcesBuildPhase section */

/* Begin XCBuildConfiguration section */
		DB463C182250FA5300D8EFBC /* Debug */ = {
			isa = XCBuildConfiguration;
			buildSettings = {
				ALWAYS_SEARCH_USER_PATHS = NO;
				CLANG_ANALYZER_NONNULL = YES;
				CLANG_ANALYZER_NUMBER_OBJECT_CONVERSION = YES_AGGRESSIVE;
				CLANG_CXX_LANGUAGE_STANDARD = "gnu++14";
				CLANG_CXX_LIBRARY = "libc++";
				CLANG_ENABLE_MODULES = YES;
				CLANG_ENABLE_OBJC_ARC = YES;
				CLANG_ENABLE_OBJC_WEAK = YES;
				CLANG_WARN_BLOCK_CAPTURE_AUTORELEASING = YES;
				CLANG_WARN_BOOL_CONVERSION = YES;
				CLANG_WARN_COMMA = YES;
				CLANG_WARN_CONSTANT_CONVERSION = YES;
				CLANG_WARN_DEPRECATED_OBJC_IMPLEMENTATIONS = YES;
				CLANG_WARN_DIRECT_OBJC_ISA_USAGE = YES_ERROR;
				CLANG_WARN_DOCUMENTATION_COMMENTS = YES;
				CLANG_WARN_EMPTY_BODY = YES;
				CLANG_WARN_ENUM_CONVERSION = YES;
				CLANG_WARN_INFINITE_RECURSION = YES;
				CLANG_WARN_INT_CONVERSION = YES;
				CLANG_WARN_NON_LITERAL_NULL_CONVERSION = YES;
				CLANG_WARN_OBJC_IMPLICIT_RETAIN_SELF = YES;
				CLANG_WARN_OBJC_LITERAL_CONVERSION = YES;
				CLANG_WARN_OBJC_ROOT_CLASS = YES_ERROR;
				CLANG_WARN_RANGE_LOOP_ANALYSIS = YES;
				CLANG_WARN_STRICT_PROTOTYPES = YES;
				CLANG_WARN_SUSPICIOUS_MOVE = YES;
				CLANG_WARN_UNGUARDED_AVAILABILITY = YES_AGGRESSIVE;
				CLANG_WARN_UNREACHABLE_CODE = YES;
				CLANG_WARN__DUPLICATE_METHOD_MATCH = YES;
				CODE_SIGN_IDENTITY = "Mac Developer";
				COPY_PHASE_STRIP = NO;
				DEBUG_INFORMATION_FORMAT = dwarf;
				ENABLE_STRICT_OBJC_MSGSEND = YES;
				ENABLE_TESTABILITY = YES;
				GCC_C_LANGUAGE_STANDARD = gnu11;
				GCC_DYNAMIC_NO_PIC = NO;
				GCC_NO_COMMON_BLOCKS = YES;
				GCC_OPTIMIZATION_LEVEL = 0;
				GCC_PREPROCESSOR_DEFINITIONS = (
					"DEBUG=1",
					"$(inherited)",
				);
				GCC_WARN_64_TO_32_BIT_CONVERSION = YES;
				GCC_WARN_ABOUT_RETURN_TYPE = YES_ERROR;
				GCC_WARN_UNDECLARED_SELECTOR = YES;
				GCC_WARN_UNINITIALIZED_AUTOS = YES_AGGRESSIVE;
				GCC_WARN_UNUSED_FUNCTION = YES;
				GCC_WARN_UNUSED_VARIABLE = YES;
				MACOSX_DEPLOYMENT_TARGET = 10.14;
				MTL_ENABLE_DEBUG_INFO = INCLUDE_SOURCE;
				MTL_FAST_MATH = YES;
				ONLY_ACTIVE_ARCH = YES;
				SDKROOT = macosx;
				SWIFT_ACTIVE_COMPILATION_CONDITIONS = DEBUG;
				SWIFT_OPTIMIZATION_LEVEL = "-Onone";
			};
			name = Debug;
		};
		DB463C192250FA5300D8EFBC /* Release */ = {
			isa = XCBuildConfiguration;
			buildSettings = {
				ALWAYS_SEARCH_USER_PATHS = NO;
				CLANG_ANALYZER_NONNULL = YES;
				CLANG_ANALYZER_NUMBER_OBJECT_CONVERSION = YES_AGGRESSIVE;
				CLANG_CXX_LANGUAGE_STANDARD = "gnu++14";
				CLANG_CXX_LIBRARY = "libc++";
				CLANG_ENABLE_MODULES = YES;
				CLANG_ENABLE_OBJC_ARC = YES;
				CLANG_ENABLE_OBJC_WEAK = YES;
				CLANG_WARN_BLOCK_CAPTURE_AUTORELEASING = YES;
				CLANG_WARN_BOOL_CONVERSION = YES;
				CLANG_WARN_COMMA = YES;
				CLANG_WARN_CONSTANT_CONVERSION = YES;
				CLANG_WARN_DEPRECATED_OBJC_IMPLEMENTATIONS = YES;
				CLANG_WARN_DIRECT_OBJC_ISA_USAGE = YES_ERROR;
				CLANG_WARN_DOCUMENTATION_COMMENTS = YES;
				CLANG_WARN_EMPTY_BODY = YES;
				CLANG_WARN_ENUM_CONVERSION = YES;
				CLANG_WARN_INFINITE_RECURSION = YES;
				CLANG_WARN_INT_CONVERSION = YES;
				CLANG_WARN_NON_LITERAL_NULL_CONVERSION = YES;
				CLANG_WARN_OBJC_IMPLICIT_RETAIN_SELF = YES;
				CLANG_WARN_OBJC_LITERAL_CONVERSION = YES;
				CLANG_WARN_OBJC_ROOT_CLASS = YES_ERROR;
				CLANG_WARN_RANGE_LOOP_ANALYSIS = YES;
				CLANG_WARN_STRICT_PROTOTYPES = YES;
				CLANG_WARN_SUSPICIOUS_MOVE = YES;
				CLANG_WARN_UNGUARDED_AVAILABILITY = YES_AGGRESSIVE;
				CLANG_WARN_UNREACHABLE_CODE = YES;
				CLANG_WARN__DUPLICATE_METHOD_MATCH = YES;
				CODE_SIGN_IDENTITY = "Mac Developer";
				COPY_PHASE_STRIP = NO;
				DEBUG_INFORMATION_FORMAT = "dwarf-with-dsym";
				ENABLE_NS_ASSERTIONS = NO;
				ENABLE_STRICT_OBJC_MSGSEND = YES;
				GCC_C_LANGUAGE_STANDARD = gnu11;
				GCC_NO_COMMON_BLOCKS = YES;
				GCC_WARN_64_TO_32_BIT_CONVERSION = YES;
				GCC_WARN_ABOUT_RETURN_TYPE = YES_ERROR;
				GCC_WARN_UNDECLARED_SELECTOR = YES;
				GCC_WARN_UNINITIALIZED_AUTOS = YES_AGGRESSIVE;
				GCC_WARN_UNUSED_FUNCTION = YES;
				GCC_WARN_UNUSED_VARIABLE = YES;
				MACOSX_DEPLOYMENT_TARGET = 10.14;
				MTL_ENABLE_DEBUG_INFO = NO;
				MTL_FAST_MATH = YES;
				SDKROOT = macosx;
				SWIFT_COMPILATION_MODE = wholemodule;
				SWIFT_OPTIMIZATION_LEVEL = "-O";
			};
			name = Release;
		};
		DB463C1B2250FA5300D8EFBC /* Debug */ = {
			isa = XCBuildConfiguration;
			buildSettings = {
				CODE_SIGN_STYLE = Automatic;
				DEVELOPMENT_TEAM = 5886TSL9MF;
				PRODUCT_NAME = "$(TARGET_NAME)";
				SWIFT_VERSION = 5.0;
			};
			name = Debug;
		};
		DB463C1C2250FA5300D8EFBC /* Release */ = {
			isa = XCBuildConfiguration;
			buildSettings = {
				CODE_SIGN_STYLE = Automatic;
				DEVELOPMENT_TEAM = 5886TSL9MF;
				PRODUCT_NAME = "$(TARGET_NAME)";
				SWIFT_VERSION = 5.0;
			};
			name = Release;
		};
/* End XCBuildConfiguration section */

/* Begin XCConfigurationList section */
		DB463C0E2250FA5300D8EFBC /* Build configuration list for PBXProject "projwalker" */ = {
			isa = XCConfigurationList;
			buildConfigurations = (
				DB463C182250FA5300D8EFBC /* Debug */,
				DB463C192250FA5300D8EFBC /* Release */,
			);
			defaultConfigurationIsVisible = 0;
			defaultConfigurationName = Release;
		};
		DB463C1A2250FA5300D8EFBC /* Build configuration list for PBXNativeTarget "projwalker" */ = {
			isa = XCConfigurationList;
			buildConfigurations = (
				DB463C1B2250FA5300D8EFBC /* Debug */,
				DB463C1C2250FA5300D8EFBC /* Release */,
			);
			defaultConfigurationIsVisible = 0;
			defaultConfigurationName = Release;
		};
/* End XCConfigurationList section */
	};
	rootObject = DB463C0B2250FA5300D8EFBC /* Project object */;
}
